
Microsoft Visual Studio Solution File, Format Version 12.00
# Visual Studio 14
VisualStudioVersion = 14.0.25420.1
MinimumVisualStudioVersion = 10.0.40219.1
Project("{8BC9CEB8-8B4A-11D0-8D11-00A0C91BC942}") = "linear_list", "linear_list\linear_list.vcxproj", "{13728FA9-BFB3-4203-89CF-B65373E67449}"
EndProject
Project("{8BC9CEB8-8B4A-11D0-8D11-00A0C91BC942}") = "stacks_and_queues", "stacks_and_queues\stacks_and_queues.vcxproj", "{DB710126-7954-4B0C-9D6B-1D5B9A1F41CB}"
EndProject
Global
	GlobalSection(SolutionConfigurationPlatforms) = preSolution
		Debug|x64 = Debug|x64
		Debug|x86 = Debug|x86
		Release|x64 = Release|x64
		Release|x86 = Release|x86
	EndGlobalSection
	GlobalSection(ProjectConfigurationPlatforms) = postSolution
		{13728FA9-BFB3-4203-89CF-B65373E67449}.Debug|x64.ActiveCfg = Debug|x64
		{13728FA9-BFB3-4203-89CF-B65373E67449}.Debug|x64.Build.0 = Debug|x64
		{13728FA9-BFB3-4203-89CF-B65373E67449}.Debug|x86.ActiveCfg = Debug|Win32
		{13728FA9-BFB3-4203-89CF-B65373E67449}.Debug|x86.Build.0 = Debug|Win32
		{13728FA9-BFB3-4203-89CF-B65373E67449}.Release|x64.ActiveCfg = Release|x64
		{13728FA9-BFB3-4203-89CF-B65373E67449}.Release|x64.Build.0 = Release|x64
		{13728FA9-BFB3-4203-89CF-B65373E67449}.Release|x86.ActiveCfg = Release|Win32
		{13728FA9-BFB3-4203-89CF-B65373E67449}.Release|x86.Build.0 = Release|Win32
		{DB710126-7954-4B0C-9D6B-1D5B9A1F41CB}.Debug|x64.ActiveCfg = Debug|x64
		{DB710126-7954-4B0C-9D6B-1D5B9A1F41CB}.Debug|x64.Build.0 = Debug|x64
		{DB710126-7954-4B0C-9D6B-1D5B9A1F41CB}.Debug|x86.ActiveCfg = Debug|Win32
		{DB710126-7954-4B0C-9D6B-1D5B9A1F41CB}.Debug|x86.Build.0 = Debug|Win32
		{DB710126-7954-4B0C-9D6B-1D5B9A1F41CB}.Release|x64.ActiveCfg = Release|x64
		{DB710126-7954-4B0C-9D6B-1D5B9A1F41CB}.Release|x64.Build.0 = Release|x64
		{DB710126-7954-4B0C-9D6B-1D5B9A1F41CB}.Release|x86.ActiveCfg = Release|Win32
		{DB710126-7954-4B0C-9D6B-1D5B9A1F41CB}.Release|x86.Build.0 = Release|Win32
	EndGlobalSection
	GlobalSection(SolutionProperties) = preSolution
		HideSolutionNode = FALSE
	EndGlobalSection
EndGlobal
